
Microsoft Visual Studio Solution File, Format Version 12.00
# Visual Studio Version 16
VisualStudioVersion = 16.0.28803.156
MinimumVisualStudioVersion = 10.0.40219.1
Project("{9A19103F-16F7-4668-BE54-9A1E7A4F7556}") = "EuroPredict.Model.Interfaces", "EuroPredict.Model.Interfaces\EuroPredict.Model.Interfaces.csproj", "{44FBB86D-CAB6-460E-B726-DA575CAB7FBE}"
EndProject
Project("{9A19103F-16F7-4668-BE54-9A1E7A4F7556}") = "EuroPredict.Core.ExcelCombinationRepository", "EuroPredict.Core.ExcelCombinationRepository\EuroPredict.Core.ExcelCombinationRepository.csproj", "{F62CFFD7-4525-4140-B7B2-B3E6472A2421}"
EndProject
Project("{9A19103F-16F7-4668-BE54-9A1E7A4F7556}") = "Europredict.Core.ExcelCombinationRepositoryTests", "Europredict.Core.ExcelCombinationRepositoryTests\Europredict.Core.ExcelCombinationRepositoryTests.csproj", "{6C507D99-CDBC-409A-86C0-ED99E2B0706F}"
EndProject
Project("{9A19103F-16F7-4668-BE54-9A1E7A4F7556}") = "Europredict.Model.Shared", "Europredict.Model.Shared\Europredict.Model.Shared.csproj", "{B8146734-5F1A-4E08-8A70-5B3BABC13043}"
EndProject
Project("{9A19103F-16F7-4668-BE54-9A1E7A4F7556}") = "Europredict.Core.CombinationCalculator", "Europredict.Core.CombinationCalculator\Europredict.Core.CombinationCalculator.csproj", "{927001B9-0E42-4AF7-9AE6-4364930A8C12}"
EndProject
Project("{FAE04EC0-301F-11D3-BF4B-00C04F79EFBC}") = "Europredict.Core.CombinationCalculatorTests", "Europredict.Core.CombinationCalculatorTests\Europredict.Core.CombinationCalculatorTests.csproj", "{CA50D75C-1749-4588-ABE0-7E5A2B65AC06}"
EndProject
Global
	GlobalSection(SolutionConfigurationPlatforms) = preSolution
		Debug|Any CPU = Debug|Any CPU
		Release|Any CPU = Release|Any CPU
	EndGlobalSection
	GlobalSection(ProjectConfigurationPlatforms) = postSolution
		{44FBB86D-CAB6-460E-B726-DA575CAB7FBE}.Debug|Any CPU.ActiveCfg = Debug|Any CPU
		{44FBB86D-CAB6-460E-B726-DA575CAB7FBE}.Debug|Any CPU.Build.0 = Debug|Any CPU
		{44FBB86D-CAB6-460E-B726-DA575CAB7FBE}.Release|Any CPU.ActiveCfg = Release|Any CPU
		{44FBB86D-CAB6-460E-B726-DA575CAB7FBE}.Release|Any CPU.Build.0 = Release|Any CPU
		{F62CFFD7-4525-4140-B7B2-B3E6472A2421}.Debug|Any CPU.ActiveCfg = Debug|Any CPU
		{F62CFFD7-4525-4140-B7B2-B3E6472A2421}.Debug|Any CPU.Build.0 = Debug|Any CPU
		{F62CFFD7-4525-4140-B7B2-B3E6472A2421}.Release|Any CPU.ActiveCfg = Release|Any CPU
		{F62CFFD7-4525-4140-B7B2-B3E6472A2421}.Release|Any CPU.Build.0 = Release|Any CPU
		{6C507D99-CDBC-409A-86C0-ED99E2B0706F}.Debug|Any CPU.ActiveCfg = Debug|Any CPU
		{6C507D99-CDBC-409A-86C0-ED99E2B0706F}.Debug|Any CPU.Build.0 = Debug|Any CPU
		{6C507D99-CDBC-409A-86C0-ED99E2B0706F}.Release|Any CPU.ActiveCfg = Release|Any CPU
		{6C507D99-CDBC-409A-86C0-ED99E2B0706F}.Release|Any CPU.Build.0 = Release|Any CPU
		{B8146734-5F1A-4E08-8A70-5B3BABC13043}.Debug|Any CPU.ActiveCfg = Debug|Any CPU
		{B8146734-5F1A-4E08-8A70-5B3BABC13043}.Debug|Any CPU.Build.0 = Debug|Any CPU
		{B8146734-5F1A-4E08-8A70-5B3BABC13043}.Release|Any CPU.ActiveCfg = Release|Any CPU
		{B8146734-5F1A-4E08-8A70-5B3BABC13043}.Release|Any CPU.Build.0 = Release|Any CPU
		{927001B9-0E42-4AF7-9AE6-4364930A8C12}.Debug|Any CPU.ActiveCfg = Debug|Any CPU
		{927001B9-0E42-4AF7-9AE6-4364930A8C12}.Debug|Any CPU.Build.0 = Debug|Any CPU
		{927001B9-0E42-4AF7-9AE6-4364930A8C12}.Release|Any CPU.ActiveCfg = Release|Any CPU
		{927001B9-0E42-4AF7-9AE6-4364930A8C12}.Release|Any CPU.Build.0 = Release|Any CPU
		{CA50D75C-1749-4588-ABE0-7E5A2B65AC06}.Debug|Any CPU.ActiveCfg = Debug|Any CPU
		{CA50D75C-1749-4588-ABE0-7E5A2B65AC06}.Debug|Any CPU.Build.0 = Debug|Any CPU
		{CA50D75C-1749-4588-ABE0-7E5A2B65AC06}.Release|Any CPU.ActiveCfg = Release|Any CPU
		{CA50D75C-1749-4588-ABE0-7E5A2B65AC06}.Release|Any CPU.Build.0 = Release|Any CPU
	EndGlobalSection
	GlobalSection(SolutionProperties) = preSolution
		HideSolutionNode = FALSE
	EndGlobalSection
	GlobalSection(ExtensibilityGlobals) = postSolution
		SolutionGuid = {8011EA89-43FE-4A22-B082-E5FE2A453C9D}
	EndGlobalSection
EndGlobal
