
Microsoft Visual Studio Solution File, Format Version 12.00
# Visual Studio Version 16
VisualStudioVersion = 16.0.28803.156
MinimumVisualStudioVersion = 10.0.40219.1
Project("{9A19103F-16F7-4668-BE54-9A1E7A4F7556}") = "EuroPredict.Model.Interfaces", "EuroPredict.Model.Interfaces\EuroPredict.Model.Interfaces.csproj", "{44FBB86D-CAB6-460E-B726-DA575CAB7FBE}"
EndProject
Project("{9A19103F-16F7-4668-BE54-9A1E7A4F7556}") = "EuroPredict.Core.ExcelCombinationRepository", "EuroPredict.Core.ExcelCombinationRepository\EuroPredict.Core.ExcelCombinationRepository.csproj", "{F62CFFD7-4525-4140-B7B2-B3E6472A2421}"
EndProject
Project("{9A19103F-16F7-4668-BE54-9A1E7A4F7556}") = "Europredict.Core.ExcelCombinationRepositoryTests", "Europredict.Core.ExcelCombinationRepositoryTests\Europredict.Core.ExcelCombinationRepositoryTests.csproj", "{6C507D99-CDBC-409A-86C0-ED99E2B0706F}"
EndProject
Project("{9A19103F-16F7-4668-BE54-9A1E7A4F7556}") = "Europredict.Model.Shared", "Europredict.Model.Shared\Europredict.Model.Shared.csproj", "{B8146734-5F1A-4E08-8A70-5B3BABC13043}"
EndProject
Project("{9A19103F-16F7-4668-BE54-9A1E7A4F7556}") = "EuroPredict.Core.CombinationCalculator", "Europredict.Core.CombinationCalculator\EuroPredict.Core.CombinationCalculator.csproj", "{927001B9-0E42-4AF7-9AE6-4364930A8C12}"
EndProject
Project("{9A19103F-16F7-4668-BE54-9A1E7A4F7556}") = "EuroPredict.Core.CombinationCalculatorTests", "Europredict.Core.CombinationCalculatorTests\EuroPredict.Core.CombinationCalculatorTests.csproj", "{CA50D75C-1749-4588-ABE0-7E5A2B65AC06}"
EndProject
Project("{9A19103F-16F7-4668-BE54-9A1E7A4F7556}") = "EuroPredict.UI.SimpleConsole", "EuroPredict.UI.SimpleConsole\EuroPredict.UI.SimpleConsole.csproj", "{973ACB18-6805-4097-A97A-B1BE6888A93D}"
EndProject
Project("{9A19103F-16F7-4668-BE54-9A1E7A4F7556}") = "EuroPredict.Core.Shared", "EuroPredict.Core.Shared\EuroPredict.Core.Shared.csproj", "{B63FB5DB-DEB1-44E3-8B4A-11A89A19D051}"
EndProject
Project("{9A19103F-16F7-4668-BE54-9A1E7A4F7556}") = "EuroPredict.Core.SharedTests", "EuroPredict.Core.SharedTests\EuroPredict.Core.SharedTests.csproj", "{429EBFD6-5416-4F05-AFF2-65C924B8E711}"
EndProject
Project("{FAE04EC0-301F-11D3-BF4B-00C04F79EFBC}") = "EuroPredict.Core.CSVCombinationRepository", "EuroPredict.Core.CSVCombinationRepository\EuroPredict.Core.CSVCombinationRepository.csproj", "{CE660DDC-DFB7-4EEA-9EC4-4A3A63A639F3}"
EndProject
Project("{FAE04EC0-301F-11D3-BF4B-00C04F79EFBC}") = "EuroPredict.Core.CSVCombinationRepositoryTests", "EuroPredict.Core.CSVCombinationRepositoryTests\EuroPredict.Core.CSVCombinationRepositoryTests.csproj", "{A0CE75AE-6C87-4027-AAAD-FD9276F879B4}"
EndProject
Global
	GlobalSection(SolutionConfigurationPlatforms) = preSolution
		Debug|Any CPU = Debug|Any CPU
		Release|Any CPU = Release|Any CPU
	EndGlobalSection
	GlobalSection(ProjectConfigurationPlatforms) = postSolution
		{44FBB86D-CAB6-460E-B726-DA575CAB7FBE}.Debug|Any CPU.ActiveCfg = Debug|Any CPU
		{44FBB86D-CAB6-460E-B726-DA575CAB7FBE}.Debug|Any CPU.Build.0 = Debug|Any CPU
		{44FBB86D-CAB6-460E-B726-DA575CAB7FBE}.Release|Any CPU.ActiveCfg = Release|Any CPU
		{44FBB86D-CAB6-460E-B726-DA575CAB7FBE}.Release|Any CPU.Build.0 = Release|Any CPU
		{F62CFFD7-4525-4140-B7B2-B3E6472A2421}.Debug|Any CPU.ActiveCfg = Debug|Any CPU
		{F62CFFD7-4525-4140-B7B2-B3E6472A2421}.Debug|Any CPU.Build.0 = Debug|Any CPU
		{F62CFFD7-4525-4140-B7B2-B3E6472A2421}.Release|Any CPU.ActiveCfg = Release|Any CPU
		{F62CFFD7-4525-4140-B7B2-B3E6472A2421}.Release|Any CPU.Build.0 = Release|Any CPU
		{6C507D99-CDBC-409A-86C0-ED99E2B0706F}.Debug|Any CPU.ActiveCfg = Debug|Any CPU
		{6C507D99-CDBC-409A-86C0-ED99E2B0706F}.Debug|Any CPU.Build.0 = Debug|Any CPU
		{6C507D99-CDBC-409A-86C0-ED99E2B0706F}.Release|Any CPU.ActiveCfg = Release|Any CPU
		{6C507D99-CDBC-409A-86C0-ED99E2B0706F}.Release|Any CPU.Build.0 = Release|Any CPU
		{B8146734-5F1A-4E08-8A70-5B3BABC13043}.Debug|Any CPU.ActiveCfg = Debug|Any CPU
		{B8146734-5F1A-4E08-8A70-5B3BABC13043}.Debug|Any CPU.Build.0 = Debug|Any CPU
		{B8146734-5F1A-4E08-8A70-5B3BABC13043}.Release|Any CPU.ActiveCfg = Release|Any CPU
		{B8146734-5F1A-4E08-8A70-5B3BABC13043}.Release|Any CPU.Build.0 = Release|Any CPU
		{927001B9-0E42-4AF7-9AE6-4364930A8C12}.Debug|Any CPU.ActiveCfg = Debug|Any CPU
		{927001B9-0E42-4AF7-9AE6-4364930A8C12}.Debug|Any CPU.Build.0 = Debug|Any CPU
		{927001B9-0E42-4AF7-9AE6-4364930A8C12}.Release|Any CPU.ActiveCfg = Release|Any CPU
		{927001B9-0E42-4AF7-9AE6-4364930A8C12}.Release|Any CPU.Build.0 = Release|Any CPU
		{CA50D75C-1749-4588-ABE0-7E5A2B65AC06}.Debug|Any CPU.ActiveCfg = Debug|Any CPU
		{CA50D75C-1749-4588-ABE0-7E5A2B65AC06}.Debug|Any CPU.Build.0 = Debug|Any CPU
		{CA50D75C-1749-4588-ABE0-7E5A2B65AC06}.Release|Any CPU.ActiveCfg = Release|Any CPU
		{CA50D75C-1749-4588-ABE0-7E5A2B65AC06}.Release|Any CPU.Build.0 = Release|Any CPU
		{973ACB18-6805-4097-A97A-B1BE6888A93D}.Debug|Any CPU.ActiveCfg = Debug|Any CPU
		{973ACB18-6805-4097-A97A-B1BE6888A93D}.Debug|Any CPU.Build.0 = Debug|Any CPU
		{973ACB18-6805-4097-A97A-B1BE6888A93D}.Release|Any CPU.ActiveCfg = Release|Any CPU
		{973ACB18-6805-4097-A97A-B1BE6888A93D}.Release|Any CPU.Build.0 = Release|Any CPU
		{B63FB5DB-DEB1-44E3-8B4A-11A89A19D051}.Debug|Any CPU.ActiveCfg = Debug|Any CPU
		{B63FB5DB-DEB1-44E3-8B4A-11A89A19D051}.Debug|Any CPU.Build.0 = Debug|Any CPU
		{B63FB5DB-DEB1-44E3-8B4A-11A89A19D051}.Release|Any CPU.ActiveCfg = Release|Any CPU
		{B63FB5DB-DEB1-44E3-8B4A-11A89A19D051}.Release|Any CPU.Build.0 = Release|Any CPU
		{429EBFD6-5416-4F05-AFF2-65C924B8E711}.Debug|Any CPU.ActiveCfg = Debug|Any CPU
		{429EBFD6-5416-4F05-AFF2-65C924B8E711}.Debug|Any CPU.Build.0 = Debug|Any CPU
		{429EBFD6-5416-4F05-AFF2-65C924B8E711}.Release|Any CPU.ActiveCfg = Release|Any CPU
		{429EBFD6-5416-4F05-AFF2-65C924B8E711}.Release|Any CPU.Build.0 = Release|Any CPU
		{CE660DDC-DFB7-4EEA-9EC4-4A3A63A639F3}.Debug|Any CPU.ActiveCfg = Debug|Any CPU
		{CE660DDC-DFB7-4EEA-9EC4-4A3A63A639F3}.Debug|Any CPU.Build.0 = Debug|Any CPU
		{CE660DDC-DFB7-4EEA-9EC4-4A3A63A639F3}.Release|Any CPU.ActiveCfg = Release|Any CPU
		{CE660DDC-DFB7-4EEA-9EC4-4A3A63A639F3}.Release|Any CPU.Build.0 = Release|Any CPU
		{A0CE75AE-6C87-4027-AAAD-FD9276F879B4}.Debug|Any CPU.ActiveCfg = Debug|Any CPU
		{A0CE75AE-6C87-4027-AAAD-FD9276F879B4}.Debug|Any CPU.Build.0 = Debug|Any CPU
		{A0CE75AE-6C87-4027-AAAD-FD9276F879B4}.Release|Any CPU.ActiveCfg = Release|Any CPU
		{A0CE75AE-6C87-4027-AAAD-FD9276F879B4}.Release|Any CPU.Build.0 = Release|Any CPU
	EndGlobalSection
	GlobalSection(SolutionProperties) = preSolution
		HideSolutionNode = FALSE
	EndGlobalSection
	GlobalSection(ExtensibilityGlobals) = postSolution
		SolutionGuid = {8011EA89-43FE-4A22-B082-E5FE2A453C9D}
	EndGlobalSection
EndGlobal
